
Microsoft Visual Studio Solution File, Format Version 12.00
# Visual Studio Version 17
VisualStudioVersion = 17.12.35527.113
MinimumVisualStudioVersion = 10.0.40219.1
Project("{FAE04EC0-301F-11D3-BF4B-00C04F79EFBC}") = "ShopSystemTrackerLib", "ShopSystemTrackerLib\ShopSystemTrackerLib.csproj", "{D23CF5BA-A080-44A6-86F9-79C65ADD5E2E}"
EndProject
Project("{FAE04EC0-301F-11D3-BF4B-00C04F79EFBC}") = "ShopSystemTrackerTests", "ShopSystemTrackerTester\ShopSystemTrackerTests.csproj", "{88D6CF85-0950-48D4-90DA-2DBC34A2C5B3}"
	ProjectSection(ProjectDependencies) = postProject
		{D23CF5BA-A080-44A6-86F9-79C65ADD5E2E} = {D23CF5BA-A080-44A6-86F9-79C65ADD5E2E}
	EndProjectSection
EndProject
Global
	GlobalSection(SolutionConfigurationPlatforms) = preSolution
		Debug|Any CPU = Debug|Any CPU
		Release|Any CPU = Release|Any CPU
	EndGlobalSection
	GlobalSection(ProjectConfigurationPlatforms) = postSolution
		{D23CF5BA-A080-44A6-86F9-79C65ADD5E2E}.Debug|Any CPU.ActiveCfg = Debug|Any CPU
		{D23CF5BA-A080-44A6-86F9-79C65ADD5E2E}.Debug|Any CPU.Build.0 = Debug|Any CPU
		{D23CF5BA-A080-44A6-86F9-79C65ADD5E2E}.Release|Any CPU.ActiveCfg = Release|Any CPU
		{D23CF5BA-A080-44A6-86F9-79C65ADD5E2E}.Release|Any CPU.Build.0 = Release|Any CPU
		{88D6CF85-0950-48D4-90DA-2DBC34A2C5B3}.Debug|Any CPU.ActiveCfg = Debug|Any CPU
		{88D6CF85-0950-48D4-90DA-2DBC34A2C5B3}.Debug|Any CPU.Build.0 = Debug|Any CPU
		{88D6CF85-0950-48D4-90DA-2DBC34A2C5B3}.Release|Any CPU.ActiveCfg = Release|Any CPU
		{88D6CF85-0950-48D4-90DA-2DBC34A2C5B3}.Release|Any CPU.Build.0 = Release|Any CPU
	EndGlobalSection
	GlobalSection(SolutionProperties) = preSolution
		HideSolutionNode = FALSE
	EndGlobalSection
EndGlobal
